
Microsoft Visual Studio Solution File, Format Version 12.00
# Visual Studio Version 16
VisualStudioVersion = 16.0.31829.152
MinimumVisualStudioVersion = 10.0.40219.1
Project("{FAE04EC0-301F-11D3-BF4B-00C04F79EFBC}") = "Subtask-1", "Subtask-1.csproj", "{E4670A49-63A8-4859-8179-B7986E203281}"
EndProject
Global
	GlobalSection(SolutionConfigurationPlatforms) = preSolution
		Debug|Any CPU = Debug|Any CPU
		Release|Any CPU = Release|Any CPU
	EndGlobalSection
	GlobalSection(ProjectConfigurationPlatforms) = postSolution
		{E4670A49-63A8-4859-8179-B7986E203281}.Debug|Any CPU.ActiveCfg = Debug|Any CPU
		{E4670A49-63A8-4859-8179-B7986E203281}.Debug|Any CPU.Build.0 = Debug|Any CPU
		{E4670A49-63A8-4859-8179-B7986E203281}.Release|Any CPU.ActiveCfg = Release|Any CPU
		{E4670A49-63A8-4859-8179-B7986E203281}.Release|Any CPU.Build.0 = Release|Any CPU
	EndGlobalSection
	GlobalSection(SolutionProperties) = preSolution
		HideSolutionNode = FALSE
	EndGlobalSection
	GlobalSection(ExtensibilityGlobals) = postSolution
		SolutionGuid = {AE332F4B-5D66-4000-A9DB-45ABD10B2B96}
	EndGlobalSection
EndGlobal
